
Microsoft Visual Studio Solution File, Format Version 12.00
# Visual Studio Version 16
VisualStudioVersion = 16.0.31515.178
MinimumVisualStudioVersion = 10.0.40219.1
Project("{9A19103F-16F7-4668-BE54-9A1E7A4F7556}") = "WScan.API", "WScan\WScan.API.csproj", "{7163E1A3-9ED6-4898-8AE0-9BC2D6361F3B}"
EndProject
Project("{9A19103F-16F7-4668-BE54-9A1E7A4F7556}") = "WScan.Service", "WScan.Service\WScan.Service.csproj", "{969CF21E-8645-4865-B610-1BA841EEA67C}"
EndProject
Global
	GlobalSection(SolutionConfigurationPlatforms) = preSolution
		Debug|Any CPU = Debug|Any CPU
		Release|Any CPU = Release|Any CPU
	EndGlobalSection
	GlobalSection(ProjectConfigurationPlatforms) = postSolution
		{7163E1A3-9ED6-4898-8AE0-9BC2D6361F3B}.Debug|Any CPU.ActiveCfg = Debug|Any CPU
		{7163E1A3-9ED6-4898-8AE0-9BC2D6361F3B}.Debug|Any CPU.Build.0 = Debug|Any CPU
		{7163E1A3-9ED6-4898-8AE0-9BC2D6361F3B}.Release|Any CPU.ActiveCfg = Release|Any CPU
		{7163E1A3-9ED6-4898-8AE0-9BC2D6361F3B}.Release|Any CPU.Build.0 = Release|Any CPU
		{969CF21E-8645-4865-B610-1BA841EEA67C}.Debug|Any CPU.ActiveCfg = Debug|Any CPU
		{969CF21E-8645-4865-B610-1BA841EEA67C}.Debug|Any CPU.Build.0 = Debug|Any CPU
		{969CF21E-8645-4865-B610-1BA841EEA67C}.Release|Any CPU.ActiveCfg = Release|Any CPU
		{969CF21E-8645-4865-B610-1BA841EEA67C}.Release|Any CPU.Build.0 = Release|Any CPU
	EndGlobalSection
	GlobalSection(SolutionProperties) = preSolution
		HideSolutionNode = FALSE
	EndGlobalSection
	GlobalSection(ExtensibilityGlobals) = postSolution
		SolutionGuid = {CF3F6F37-EC25-4A76-B5A7-CA0676AC8C77}
	EndGlobalSection
EndGlobal
